
Microsoft Visual Studio Solution File, Format Version 12.00
# Visual Studio Version 17
VisualStudioVersion = 17.0.31903.59
MinimumVisualStudioVersion = 10.0.40219.1
Project("{FAE04EC0-301F-11D3-BF4B-00C04F79EFBC}") = "MCPClient", "MCPClient\MCPClient.csproj", "{185A4F00-F574-5F80-CD98-7F3478D756BB}"
EndProject
Project("{FAE04EC0-301F-11D3-BF4B-00C04F79EFBC}") = "ColorsMCP", "ColorsMCP\ColorsMCP.csproj", "{8ACBBAC0-BCD8-56D1-1D54-BA7DC3C9BD9F}"
EndProject
Project("{FAE04EC0-301F-11D3-BF4B-00C04F79EFBC}") = "ColorsMCP-HTTP", "ColorsMCP-HTTP\ColorsMCP-HTTP.csproj", "{3C23F082-95AC-77A2-F041-8B181C18F148}"
EndProject
Project("{FAE04EC0-301F-11D3-BF4B-00C04F79EFBC}") = "ColorsMCP-SSE-func", "ColorsMCP-SSE-func\ColorsMCP-SSE-func.csproj", "{AC44DD16-603C-5F03-898D-89884CBAFE17}"
EndProject
Project("{FAE04EC0-301F-11D3-BF4B-00C04F79EFBC}") = "ColorsCommonMCP", "ColorsCommonMCP\ColorsCommonMCP.csproj", "{5DFE4A73-1678-307E-100D-CC9A82E0FCA9}"
EndProject
Project("{FAE04EC0-301F-11D3-BF4B-00C04F79EFBC}") = "ColorsMCP-HTTP-Auth", "ColorsMCP-HTTP-Auth\ColorsMCP-HTTP-Auth.csproj", "{076F73C7-B69C-1771-B199-DC08AE0A7E59}"
EndProject
Global
	GlobalSection(SolutionConfigurationPlatforms) = preSolution
		Debug|Any CPU = Debug|Any CPU
		Release|Any CPU = Release|Any CPU
	EndGlobalSection
	GlobalSection(ProjectConfigurationPlatforms) = postSolution
		{185A4F00-F574-5F80-CD98-7F3478D756BB}.Debug|Any CPU.ActiveCfg = Debug|Any CPU
		{185A4F00-F574-5F80-CD98-7F3478D756BB}.Debug|Any CPU.Build.0 = Debug|Any CPU
		{185A4F00-F574-5F80-CD98-7F3478D756BB}.Release|Any CPU.ActiveCfg = Release|Any CPU
		{185A4F00-F574-5F80-CD98-7F3478D756BB}.Release|Any CPU.Build.0 = Release|Any CPU
		{8ACBBAC0-BCD8-56D1-1D54-BA7DC3C9BD9F}.Debug|Any CPU.ActiveCfg = Debug|Any CPU
		{8ACBBAC0-BCD8-56D1-1D54-BA7DC3C9BD9F}.Debug|Any CPU.Build.0 = Debug|Any CPU
		{8ACBBAC0-BCD8-56D1-1D54-BA7DC3C9BD9F}.Release|Any CPU.ActiveCfg = Release|Any CPU
		{8ACBBAC0-BCD8-56D1-1D54-BA7DC3C9BD9F}.Release|Any CPU.Build.0 = Release|Any CPU
		{3C23F082-95AC-77A2-F041-8B181C18F148}.Debug|Any CPU.ActiveCfg = Debug|Any CPU
		{3C23F082-95AC-77A2-F041-8B181C18F148}.Debug|Any CPU.Build.0 = Debug|Any CPU
		{3C23F082-95AC-77A2-F041-8B181C18F148}.Release|Any CPU.ActiveCfg = Release|Any CPU
		{3C23F082-95AC-77A2-F041-8B181C18F148}.Release|Any CPU.Build.0 = Release|Any CPU
		{AC44DD16-603C-5F03-898D-89884CBAFE17}.Debug|Any CPU.ActiveCfg = Debug|Any CPU
		{AC44DD16-603C-5F03-898D-89884CBAFE17}.Debug|Any CPU.Build.0 = Debug|Any CPU
		{AC44DD16-603C-5F03-898D-89884CBAFE17}.Release|Any CPU.ActiveCfg = Release|Any CPU
		{AC44DD16-603C-5F03-898D-89884CBAFE17}.Release|Any CPU.Build.0 = Release|Any CPU
		{5DFE4A73-1678-307E-100D-CC9A82E0FCA9}.Debug|Any CPU.ActiveCfg = Debug|Any CPU
		{5DFE4A73-1678-307E-100D-CC9A82E0FCA9}.Debug|Any CPU.Build.0 = Debug|Any CPU
		{5DFE4A73-1678-307E-100D-CC9A82E0FCA9}.Release|Any CPU.ActiveCfg = Release|Any CPU
		{5DFE4A73-1678-307E-100D-CC9A82E0FCA9}.Release|Any CPU.Build.0 = Release|Any CPU
		{076F73C7-B69C-1771-B199-DC08AE0A7E59}.Debug|Any CPU.ActiveCfg = Debug|Any CPU
		{076F73C7-B69C-1771-B199-DC08AE0A7E59}.Debug|Any CPU.Build.0 = Debug|Any CPU
		{076F73C7-B69C-1771-B199-DC08AE0A7E59}.Release|Any CPU.ActiveCfg = Release|Any CPU
		{076F73C7-B69C-1771-B199-DC08AE0A7E59}.Release|Any CPU.Build.0 = Release|Any CPU
	EndGlobalSection
	GlobalSection(SolutionProperties) = preSolution
		HideSolutionNode = FALSE
	EndGlobalSection
	GlobalSection(ExtensibilityGlobals) = postSolution
		SolutionGuid = {7143F6DE-87CD-46EE-AD06-AB49F1BD3069}
	EndGlobalSection
EndGlobal
