Microsoft Visual Studio Solution File, Format Version 12.00
# Visual Studio Version 17
VisualStudioVersion = 17.5.2.0
MinimumVisualStudioVersion = 10.0.40219.1
Project("{FAE04EC0-301F-11D3-BF4B-00C04F79EFBC}") = "ColorsMCPSSE", "ColorsMCPSSE.csproj", "{E6780768-C068-9139-B284-AC4A120F466B}"
EndProject
Global
	GlobalSection(SolutionConfigurationPlatforms) = preSolution
		Debug|Any CPU = Debug|Any CPU
		Release|Any CPU = Release|Any CPU
	EndGlobalSection
	GlobalSection(ProjectConfigurationPlatforms) = postSolution
		{E6780768-C068-9139-B284-AC4A120F466B}.Debug|Any CPU.ActiveCfg = Debug|Any CPU
		{E6780768-C068-9139-B284-AC4A120F466B}.Debug|Any CPU.Build.0 = Debug|Any CPU
		{E6780768-C068-9139-B284-AC4A120F466B}.Release|Any CPU.ActiveCfg = Release|Any CPU
		{E6780768-C068-9139-B284-AC4A120F466B}.Release|Any CPU.Build.0 = Release|Any CPU
	EndGlobalSection
	GlobalSection(SolutionProperties) = preSolution
		HideSolutionNode = FALSE
	EndGlobalSection
	GlobalSection(ExtensibilityGlobals) = postSolution
		SolutionGuid = {ADDD9CDA-1E1D-427B-B0E6-5C9A0C19973F}
	EndGlobalSection
EndGlobal
